
Microsoft Visual Studio Solution File, Format Version 12.00
# Visual Studio 15
VisualStudioVersion = 15.0.27703.2000
MinimumVisualStudioVersion = 10.0.40219.1
Project("{9A19103F-16F7-4668-BE54-9A1E7A4F7556}") = "MyParser", "src\MyParser\MyParser.csproj", "{81A15065-B012-47A2-910E-1EADBEAFE1D5}"
EndProject
Project("{9A19103F-16F7-4668-BE54-9A1E7A4F7556}") = "MyParser.Test", "test\MyParser.Test\MyParser.Test.csproj", "{35343648-AEFE-4635-831F-E70987BDACCE}"
EndProject
Project("{FAE04EC0-301F-11D3-BF4B-00C04F79EFBC}") = "MyParser2", "src\MyParser2\MyParser2.csproj", "{ECA1B56B-7C59-4A0C-B5F6-0903B13F52F5}"
EndProject
Project("{FAE04EC0-301F-11D3-BF4B-00C04F79EFBC}") = "MyParser2.Test", "test\MyParser2.Test\MyParser2.Test.csproj", "{51E4CF41-C0B0-4B96-AD6D-D3EBCAC6CF09}"
EndProject
Global
	GlobalSection(SolutionConfigurationPlatforms) = preSolution
		Debug|Any CPU = Debug|Any CPU
		Release|Any CPU = Release|Any CPU
	EndGlobalSection
	GlobalSection(ProjectConfigurationPlatforms) = postSolution
		{81A15065-B012-47A2-910E-1EADBEAFE1D5}.Debug|Any CPU.ActiveCfg = Debug|Any CPU
		{81A15065-B012-47A2-910E-1EADBEAFE1D5}.Debug|Any CPU.Build.0 = Debug|Any CPU
		{81A15065-B012-47A2-910E-1EADBEAFE1D5}.Release|Any CPU.ActiveCfg = Release|Any CPU
		{81A15065-B012-47A2-910E-1EADBEAFE1D5}.Release|Any CPU.Build.0 = Release|Any CPU
		{35343648-AEFE-4635-831F-E70987BDACCE}.Debug|Any CPU.ActiveCfg = Debug|Any CPU
		{35343648-AEFE-4635-831F-E70987BDACCE}.Debug|Any CPU.Build.0 = Debug|Any CPU
		{35343648-AEFE-4635-831F-E70987BDACCE}.Release|Any CPU.ActiveCfg = Release|Any CPU
		{35343648-AEFE-4635-831F-E70987BDACCE}.Release|Any CPU.Build.0 = Release|Any CPU
		{ECA1B56B-7C59-4A0C-B5F6-0903B13F52F5}.Debug|Any CPU.ActiveCfg = Debug|Any CPU
		{ECA1B56B-7C59-4A0C-B5F6-0903B13F52F5}.Debug|Any CPU.Build.0 = Debug|Any CPU
		{ECA1B56B-7C59-4A0C-B5F6-0903B13F52F5}.Release|Any CPU.ActiveCfg = Release|Any CPU
		{ECA1B56B-7C59-4A0C-B5F6-0903B13F52F5}.Release|Any CPU.Build.0 = Release|Any CPU
		{51E4CF41-C0B0-4B96-AD6D-D3EBCAC6CF09}.Debug|Any CPU.ActiveCfg = Debug|Any CPU
		{51E4CF41-C0B0-4B96-AD6D-D3EBCAC6CF09}.Debug|Any CPU.Build.0 = Debug|Any CPU
		{51E4CF41-C0B0-4B96-AD6D-D3EBCAC6CF09}.Release|Any CPU.ActiveCfg = Release|Any CPU
		{51E4CF41-C0B0-4B96-AD6D-D3EBCAC6CF09}.Release|Any CPU.Build.0 = Release|Any CPU
	EndGlobalSection
	GlobalSection(SolutionProperties) = preSolution
		HideSolutionNode = FALSE
	EndGlobalSection
	GlobalSection(ExtensibilityGlobals) = postSolution
		SolutionGuid = {0804836D-240B-4CB0-9B54-02DC85AF2041}
	EndGlobalSection
EndGlobal
